{
  "name": "get-package",
  "version": "1.0.0",
  "lockfileVersion": 1,
  "requires": true,
  "dependencies": {
    "@hugobernardoni/test-package": {
      "version": "1.0.2",
      "resolved": "https://npm.pkg.github.com/download/@hugobernardoni/test-package/1.0.2/ffe938f904f9c8908de53f0b4c236bc6822bc19823872943ca38acfce8affabb",
      "integrity": "sha512-UicqZZ0hekVtPDpCRZm55oualCFAGg2i1LUEFwAl6bIDTob2bSr950EnxISbn1tvBe/QEGBHRsl7l+u9e3fzcQ=="
    }
  }
}
